// !$*UTF8*$!
{
	archiveVersion = 1;
	classes = {
	};
	objectVersion = 50;
	objects = {

/* Begin PBXBuildFile section */
		FE5E780824ABFC20007BDD50 /* AppDelegate.swift in Sources */ = {isa = PBXBuildFile; fileRef = FE5E780724ABFC20007BDD50 /* AppDelegate.swift */; };
		FE5E780A24ABFC20007BDD50 /* SceneDelegate.swift in Sources */ = {isa = PBXBuildFile; fileRef = FE5E780924ABFC20007BDD50 /* SceneDelegate.swift */; };
		FE5E780C24ABFC20007BDD50 /* ViewController.swift in Sources */ = {isa = PBXBuildFile; fileRef = FE5E780B24ABFC20007BDD50 /* ViewController.swift */; };
		FE5E780F24ABFC20007BDD50 /* Main.storyboard in Resources */ = {isa = PBXBuildFile; fileRef = FE5E780D24ABFC20007BDD50 /* Main.storyboard */; };
		FE5E781224ABFC20007BDD50 /* XuChat.xcdatamodeld in Sources */ = {isa = PBXBuildFile; fileRef = FE5E781024ABFC20007BDD50 /* XuChat.xcdatamodeld */; };
		FE5E781424ABFC21007BDD50 /* Assets.xcassets in Resources */ = {isa = PBXBuildFile; fileRef = FE5E781324ABFC21007BDD50 /* Assets.xcassets */; };
		FE5E781724ABFC21007BDD50 /* LaunchScreen.storyboard in Resources */ = {isa = PBXBuildFile; fileRef = FE5E781524ABFC21007BDD50 /* LaunchScreen.storyboard */; };
		FE5E782224ABFC21007BDD50 /* XuChatTests.swift in Sources */ = {isa = PBXBuildFile; fileRef = FE5E782124ABFC21007BDD50 /* XuChatTests.swift */; };
		FE5E782D24ABFC21007BDD50 /* XuChatUITests.swift in Sources */ = {isa = PBXBuildFile; fileRef = FE5E782C24ABFC21007BDD50 /* XuChatUITests.swift */; };
/* End PBXBuildFile section */

/* Begin PBXContainerItemProxy section */
		FE5E781E24ABFC21007BDD50 /* PBXContainerItemProxy */ = {
			isa = PBXContainerItemProxy;
			containerPortal = FE5E77FC24ABFC20007BDD50 /* Project object */;
			proxyType = 1;
			remoteGlobalIDString = FE5E780324ABFC20007BDD50;
			remoteInfo = XuChat;
		};
		FE5E782924ABFC21007BDD50 /* PBXContainerItemProxy */ = {
			isa = PBXContainerItemProxy;
			containerPortal = FE5E77FC24ABFC20007BDD50 /* Project object */;
			proxyType = 1;
			remoteGlobalIDString = FE5E780324ABFC20007BDD50;
			remoteInfo = XuChat;
		};
/* End PBXContainerItemProxy section */

/* Begin PBXFileReference section */
		FE5E780424ABFC20007BDD50 /* XuChat.app */ = {isa = PBXFileReference; explicitFileType = wrapper.application; includeInIndex = 0; path = XuChat.app; sourceTree = BUILT_PRODUCTS_DIR; };
		FE5E780724ABFC20007BDD50 /* AppDelegate.swift */ = {isa = PBXFileReference; lastKnownFileType = sourcecode.swift; path = AppDelegate.swift; sourceTree = "<group>"; };
		FE5E780924ABFC20007BDD50 /* SceneDelegate.swift */ = {isa = PBXFileReference; lastKnownFileType = sourcecode.swift; path = SceneDelegate.swift; sourceTree = "<group>"; };
		FE5E780B24ABFC20007BDD50 /* ViewController.swift */ = {isa = PBXFileReference; lastKnownFileType = sourcecode.swift; path = ViewController.swift; sourceTree = "<group>"; };
		FE5E780E24ABFC20007BDD50 /* Base */ = {isa = PBXFileReference; lastKnownFileType = file.storyboard; name = Base; path = Base.lproj/Main.storyboard; sourceTree = "<group>"; };
		FE5E781124ABFC20007BDD50 /* XuChat.xcdatamodel */ = {isa = PBXFileReference; lastKnownFileType = wrapper.xcdatamodel; path = XuChat.xcdatamodel; sourceTree = "<group>"; };
		FE5E781324ABFC21007BDD50 /* Assets.xcassets */ = {isa = PBXFileReference; lastKnownFileType = folder.assetcatalog; path = Assets.xcassets; sourceTree = "<group>"; };
		FE5E781624ABFC21007BDD50 /* Base */ = {isa = PBXFileReference; lastKnownFileType = file.storyboard; name = Base; path = Base.lproj/LaunchScreen.storyboard; sourceTree = "<group>"; };
		FE5E781824ABFC21007BDD50 /* Info.plist */ = {isa = PBXFileReference; lastKnownFileType = text.plist.xml; path = Info.plist; sourceTree = "<group>"; };
		FE5E781D24ABFC21007BDD50 /* XuChatTests.xctest */ = {isa = PBXFileReference; explicitFileType = wrapper.cfbundle; includeInIndex = 0; path = XuChatTests.xctest; sourceTree = BUILT_PRODUCTS_DIR; };
		FE5E782124ABFC21007BDD50 /* XuChatTests.swift */ = {isa = PBXFileReference; lastKnownFileType = sourcecode.swift; path = XuChatTests.swift; sourceTree = "<group>"; };
		FE5E782324ABFC21007BDD50 /* Info.plist */ = {isa = PBXFileReference; lastKnownFileType = text.plist.xml; path = Info.plist; sourceTree = "<group>"; };
		FE5E782824ABFC21007BDD50 /* XuChatUITests.xctest */ = {isa = PBXFileReference; explicitFileType = wrapper.cfbundle; includeInIndex = 0; path = XuChatUITests.xctest; sourceTree = BUILT_PRODUCTS_DIR; };
		FE5E782C24ABFC21007BDD50 /* XuChatUITests.swift */ = {isa = PBXFileReference; lastKnownFileType = sourcecode.swift; path = XuChatUITests.swift; sourceTree = "<group>"; };
		FE5E782E24ABFC21007BDD50 /* Info.plist */ = {isa = PBXFileReference; lastKnownFileType = text.plist.xml; path = Info.plist; sourceTree = "<group>"; };
/* End PBXFileReference section */

/* Begin PBXFrameworksBuildPhase section */
		FE5E780124ABFC20007BDD50 /* Frameworks */ = {
			isa = PBXFrameworksBuildPhase;
			buildActionMask = 2147483647;
			files = (
			);
			runOnlyForDeploymentPostprocessing = 0;
		};
		FE5E781A24ABFC21007BDD50 /* Frameworks */ = {
			isa = PBXFrameworksBuildPhase;
			buildActionMask = 2147483647;
			files = (
			);
			runOnlyForDeploymentPostprocessing = 0;
		};
		FE5E782524ABFC21007BDD50 /* Frameworks */ = {
			isa = PBXFrameworksBuildPhase;
			buildActionMask = 2147483647;
			files = (
			);
			runOnlyForDeploymentPostprocessing = 0;
		};
/* End PBXFrameworksBuildPhase section */

/* Begin PBXGroup section */
		FE5E77FB24ABFC20007BDD50 = {
			isa = PBXGroup;
			children = (
				FE5E780624ABFC20007BDD50 /* XuChat */,
				FE5E782024ABFC21007BDD50 /* XuChatTests */,
				FE5E782B24ABFC21007BDD50 /* XuChatUITests */,
				FE5E780524ABFC20007BDD50 /* Products */,
			);
			sourceTree = "<group>";
		};
		FE5E780524ABFC20007BDD50 /* Products */ = {
			isa = PBXGroup;
			children = (
				FE5E780424ABFC20007BDD50 /* XuChat.app */,
				FE5E781D24ABFC21007BDD50 /* XuChatTests.xctest */,
				FE5E782824ABFC21007BDD50 /* XuChatUITests.xctest */,
			);
			name = Products;
			sourceTree = "<group>";
		};
		FE5E780624ABFC20007BDD50 /* XuChat */ = {
			isa = PBXGroup;
			children = (
				FE5E780724ABFC20007BDD50 /* AppDelegate.swift */,
				FE5E780924ABFC20007BDD50 /* SceneDelegate.swift */,
				FE5E780B24ABFC20007BDD50 /* ViewController.swift */,
				FE5E780D24ABFC20007BDD50 /* Main.storyboard */,
				FE5E781324ABFC21007BDD50 /* Assets.xcassets */,
				FE5E781524ABFC21007BDD50 /* LaunchScreen.storyboard */,
				FE5E781824ABFC21007BDD50 /* Info.plist */,
				FE5E781024ABFC20007BDD50 /* XuChat.xcdatamodeld */,
			);
			path = XuChat;
			sourceTree = "<group>";
		};
		FE5E782024ABFC21007BDD50 /* XuChatTests */ = {
			isa = PBXGroup;
			children = (
				FE5E782124ABFC21007BDD50 /* XuChatTests.swift */,
				FE5E782324ABFC21007BDD50 /* Info.plist */,
			);
			path = XuChatTests;
			sourceTree = "<group>";
		};
		FE5E782B24ABFC21007BDD50 /* XuChatUITests */ = {
			isa = PBXGroup;
			children = (
				FE5E782C24ABFC21007BDD50 /* XuChatUITests.swift */,
				FE5E782E24ABFC21007BDD50 /* Info.plist */,
			);
			path = XuChatUITests;
			sourceTree = "<group>";
		};
/* End PBXGroup section */

/* Begin PBXNativeTarget section */
		FE5E780324ABFC20007BDD50 /* XuChat */ = {
			isa = PBXNativeTarget;
			buildConfigurationList = FE5E783124ABFC21007BDD50 /* Build configuration list for PBXNativeTarget "XuChat" */;
			buildPhases = (
				FE5E780024ABFC20007BDD50 /* Sources */,
				FE5E780124ABFC20007BDD50 /* Frameworks */,
				FE5E780224ABFC20007BDD50 /* Resources */,
			);
			buildRules = (
			);
			dependencies = (
			);
			name = XuChat;
			productName = XuChat;
			productReference = FE5E780424ABFC20007BDD50 /* XuChat.app */;
			productType = "com.apple.product-type.application";
		};
		FE5E781C24ABFC21007BDD50 /* XuChatTests */ = {
			isa = PBXNativeTarget;
			buildConfigurationList = FE5E783424ABFC21007BDD50 /* Build configuration list for PBXNativeTarget "XuChatTests" */;
			buildPhases = (
				FE5E781924ABFC21007BDD50 /* Sources */,
				FE5E781A24ABFC21007BDD50 /* Frameworks */,
				FE5E781B24ABFC21007BDD50 /* Resources */,
			);
			buildRules = (
			);
			dependencies = (
				FE5E781F24ABFC21007BDD50 /* PBXTargetDependency */,
			);
			name = XuChatTests;
			productName = XuChatTests;
			productReference = FE5E781D24ABFC21007BDD50 /* XuChatTests.xctest */;
			productType = "com.apple.product-type.bundle.unit-test";
		};
		FE5E782724ABFC21007BDD50 /* XuChatUITests */ = {
			isa = PBXNativeTarget;
			buildConfigurationList = FE5E783724ABFC21007BDD50 /* Build configuration list for PBXNativeTarget "XuChatUITests" */;
			buildPhases = (
				FE5E782424ABFC21007BDD50 /* Sources */,
				FE5E782524ABFC21007BDD50 /* Frameworks */,
				FE5E782624ABFC21007BDD50 /* Resources */,
			);
			buildRules = (
			);
			dependencies = (
				FE5E782A24ABFC21007BDD50 /* PBXTargetDependency */,
			);
			name = XuChatUITests;
			productName = XuChatUITests;
			productReference = FE5E782824ABFC21007BDD50 /* XuChatUITests.xctest */;
			productType = "com.apple.product-type.bundle.ui-testing";
		};
/* End PBXNativeTarget section */

/* Begin PBXProject section */
		FE5E77FC24ABFC20007BDD50 /* Project object */ = {
			isa = PBXProject;
			attributes = {
				LastSwiftUpdateCheck = 1150;
				LastUpgradeCheck = 1150;
				ORGANIZATIONNAME = Ercan;
				TargetAttributes = {
					FE5E780324ABFC20007BDD50 = {
						CreatedOnToolsVersion = 11.5;
					};
					FE5E781C24ABFC21007BDD50 = {
						CreatedOnToolsVersion = 11.5;
						TestTargetID = FE5E780324ABFC20007BDD50;
					};
					FE5E782724ABFC21007BDD50 = {
						CreatedOnToolsVersion = 11.5;
						TestTargetID = FE5E780324ABFC20007BDD50;
					};
				};
			};
			buildConfigurationList = FE5E77FF24ABFC20007BDD50 /* Build configuration list for PBXProject "XuChat" */;
			compatibilityVersion = "Xcode 9.3";
			developmentRegion = en;
			hasScannedForEncodings = 0;
			knownRegions = (
				en,
				Base,
			);
			mainGroup = FE5E77FB24ABFC20007BDD50;
			productRefGroup = FE5E780524ABFC20007BDD50 /* Products */;
			projectDirPath = "";
			projectRoot = "";
			targets = (
				FE5E780324ABFC20007BDD50 /* XuChat */,
				FE5E781C24ABFC21007BDD50 /* XuChatTests */,
				FE5E782724ABFC21007BDD50 /* XuChatUITests */,
			);
		};
/* End PBXProject section */

/* Begin PBXResourcesBuildPhase section */
		FE5E780224ABFC20007BDD50 /* Resources */ = {
			isa = PBXResourcesBuildPhase;
			buildActionMask = 2147483647;
			files = (
				FE5E781724ABFC21007BDD50 /* LaunchScreen.storyboard in Resources */,
				FE5E781424ABFC21007BDD50 /* Assets.xcassets in Resources */,
				FE5E780F24ABFC20007BDD50 /* Main.storyboard in Resources */,
			);
			runOnlyForDeploymentPostprocessing = 0;
		};
		FE5E781B24ABFC21007BDD50 /* Resources */ = {
			isa = PBXResourcesBuildPhase;
			buildActionMask = 2147483647;
			files = (
			);
			runOnlyForDeploymentPostprocessing = 0;
		};
		FE5E782624ABFC21007BDD50 /* Resources */ = {
			isa = PBXResourcesBuildPhase;
			buildActionMask = 2147483647;
			files = (
			);
			runOnlyForDeploymentPostprocessing = 0;
		};
/* End PBXResourcesBuildPhase section */

/* Begin PBXSourcesBuildPhase section */
		FE5E780024ABFC20007BDD50 /* Sources */ = {
			isa = PBXSourcesBuildPhase;
			buildActionMask = 2147483647;
			files = (
				FE5E781224ABFC20007BDD50 /* XuChat.xcdatamodeld in Sources */,
				FE5E780C24ABFC20007BDD50 /* ViewController.swift in Sources */,
				FE5E780824ABFC20007BDD50 /* AppDelegate.swift in Sources */,
				FE5E780A24ABFC20007BDD50 /* SceneDelegate.swift in Sources */,
			);
			runOnlyForDeploymentPostprocessing = 0;
		};
		FE5E781924ABFC21007BDD50 /* Sources */ = {
			isa = PBXSourcesBuildPhase;
			buildActionMask = 2147483647;
			files = (
				FE5E782224ABFC21007BDD50 /* XuChatTests.swift in Sources */,
			);
			runOnlyForDeploymentPostprocessing = 0;
		};
		FE5E782424ABFC21007BDD50 /* Sources */ = {
			isa = PBXSourcesBuildPhase;
			buildActionMask = 2147483647;
			files = (
				FE5E782D24ABFC21007BDD50 /* XuChatUITests.swift in Sources */,
			);
			runOnlyForDeploymentPostprocessing = 0;
		};
/* End PBXSourcesBuildPhase section */

/* Begin PBXTargetDependency section */
		FE5E781F24ABFC21007BDD50 /* PBXTargetDependency */ = {
			isa = PBXTargetDependency;
			target = FE5E780324ABFC20007BDD50 /* XuChat */;
			targetProxy = FE5E781E24ABFC21007BDD50 /* PBXContainerItemProxy */;
		};
		FE5E782A24ABFC21007BDD50 /* PBXTargetDependency */ = {
			isa = PBXTargetDependency;
			target = FE5E780324ABFC20007BDD50 /* XuChat */;
			targetProxy = FE5E782924ABFC21007BDD50 /* PBXContainerItemProxy */;
		};
/* End PBXTargetDependency section */

/* Begin PBXVariantGroup section */
		FE5E780D24ABFC20007BDD50 /* Main.storyboard */ = {
			isa = PBXVariantGroup;
			children = (
				FE5E780E24ABFC20007BDD50 /* Base */,
			);
			name = Main.storyboard;
			sourceTree = "<group>";
		};
		FE5E781524ABFC21007BDD50 /* LaunchScreen.storyboard */ = {
			isa = PBXVariantGroup;
			children = (
				FE5E781624ABFC21007BDD50 /* Base */,
			);
			name = LaunchScreen.storyboard;
			sourceTree = "<group>";
		};
/* End PBXVariantGroup section */

/* Begin XCBuildConfiguration section */
		FE5E782F24ABFC21007BDD50 /* Debug */ = {
			isa = XCBuildConfiguration;
			buildSettings = {
				ALWAYS_SEARCH_USER_PATHS = NO;
				CLANG_ANALYZER_NONNULL = YES;
				CLANG_ANALYZER_NUMBER_OBJECT_CONVERSION = YES_AGGRESSIVE;
				CLANG_CXX_LANGUAGE_STANDARD = "gnu++14";
				CLANG_CXX_LIBRARY = "libc++";
				CLANG_ENABLE_MODULES = YES;
				CLANG_ENABLE_OBJC_ARC = YES;
				CLANG_ENABLE_OBJC_WEAK = YES;
				CLANG_WARN_BLOCK_CAPTURE_AUTORELEASING = YES;
				CLANG_WARN_BOOL_CONVERSION = YES;
				CLANG_WARN_COMMA = YES;
				CLANG_WARN_CONSTANT_CONVERSION = YES;
				CLANG_WARN_DEPRECATED_OBJC_IMPLEMENTATIONS = YES;
				CLANG_WARN_DIRECT_OBJC_ISA_USAGE = YES_ERROR;
				CLANG_WARN_DOCUMENTATION_COMMENTS = YES;
				CLANG_WARN_EMPTY_BODY = YES;
				CLANG_WARN_ENUM_CONVERSION = YES;
				CLANG_WARN_INFINITE_RECURSION = YES;
				CLANG_WARN_INT_CONVERSION = YES;
				CLANG_WARN_NON_LITERAL_NULL_CONVERSION = YES;
				CLANG_WARN_OBJC_IMPLICIT_RETAIN_SELF = YES;
				CLANG_WARN_OBJC_LITERAL_CONVERSION = YES;
				CLANG_WARN_OBJC_ROOT_CLASS = YES_ERROR;
				CLANG_WARN_RANGE_LOOP_ANALYSIS = YES;
				CLANG_WARN_STRICT_PROTOTYPES = YES;
				CLANG_WARN_SUSPICIOUS_MOVE = YES;
				CLANG_WARN_UNGUARDED_AVAILABILITY = YES_AGGRESSIVE;
				CLANG_WARN_UNREACHABLE_CODE = YES;
				CLANG_WARN__DUPLICATE_METHOD_MATCH = YES;
				COPY_PHASE_STRIP = NO;
				DEBUG_INFORMATION_FORMAT = dwarf;
				ENABLE_STRICT_OBJC_MSGSEND = YES;
				ENABLE_TESTABILITY = YES;
				GCC_C_LANGUAGE_STANDARD = gnu11;
				GCC_DYNAMIC_NO_PIC = NO;
				GCC_NO_COMMON_BLOCKS = YES;
				GCC_OPTIMIZATION_LEVEL = 0;
				GCC_PREPROCESSOR_DEFINITIONS = (
					"DEBUG=1",
					"$(inherited)",
				);
				GCC_WARN_64_TO_32_BIT_CONVERSION = YES;
				GCC_WARN_ABOUT_RETURN_TYPE = YES_ERROR;
				GCC_WARN_UNDECLARED_SELECTOR = YES;
				GCC_WARN_UNINITIALIZED_AUTOS = YES_AGGRESSIVE;
				GCC_WARN_UNUSED_FUNCTION = YES;
				GCC_WARN_UNUSED_VARIABLE = YES;
				IPHONEOS_DEPLOYMENT_TARGET = 13.5;
				MTL_ENABLE_DEBUG_INFO = INCLUDE_SOURCE;
				MTL_FAST_MATH = YES;
				ONLY_ACTIVE_ARCH = YES;
				SDKROOT = iphoneos;
				SWIFT_ACTIVE_COMPILATION_CONDITIONS = DEBUG;
				SWIFT_OPTIMIZATION_LEVEL = "-Onone";
			};
			name = Debug;
		};
		FE5E783024ABFC21007BDD50 /* Release */ = {
			isa = XCBuildConfiguration;
			buildSettings = {
				ALWAYS_SEARCH_USER_PATHS = NO;
				CLANG_ANALYZER_NONNULL = YES;
				CLANG_ANALYZER_NUMBER_OBJECT_CONVERSION = YES_AGGRESSIVE;
				CLANG_CXX_LANGUAGE_STANDARD = "gnu++14";
				CLANG_CXX_LIBRARY = "libc++";
				CLANG_ENABLE_MODULES = YES;
				CLANG_ENABLE_OBJC_ARC = YES;
				CLANG_ENABLE_OBJC_WEAK = YES;
				CLANG_WARN_BLOCK_CAPTURE_AUTORELEASING = YES;
				CLANG_WARN_BOOL_CONVERSION = YES;
				CLANG_WARN_COMMA = YES;
				CLANG_WARN_CONSTANT_CONVERSION = YES;
				CLANG_WARN_DEPRECATED_OBJC_IMPLEMENTATIONS = YES;
				CLANG_WARN_DIRECT_OBJC_ISA_USAGE = YES_ERROR;
				CLANG_WARN_DOCUMENTATION_COMMENTS = YES;
				CLANG_WARN_EMPTY_BODY = YES;
				CLANG_WARN_ENUM_CONVERSION = YES;
				CLANG_WARN_INFINITE_RECURSION = YES;
				CLANG_WARN_INT_CONVERSION = YES;
				CLANG_WARN_NON_LITERAL_NULL_CONVERSION = YES;
				CLANG_WARN_OBJC_IMPLICIT_RETAIN_SELF = YES;
				CLANG_WARN_OBJC_LITERAL_CONVERSION = YES;
				CLANG_WARN_OBJC_ROOT_CLASS = YES_ERROR;
				CLANG_WARN_RANGE_LOOP_ANALYSIS = YES;
				CLANG_WARN_STRICT_PROTOTYPES = YES;
				CLANG_WARN_SUSPICIOUS_MOVE = YES;
				CLANG_WARN_UNGUARDED_AVAILABILITY = YES_AGGRESSIVE;
				CLANG_WARN_UNREACHABLE_CODE = YES;
				CLANG_WARN__DUPLICATE_METHOD_MATCH = YES;
				COPY_PHASE_STRIP = NO;
				DEBUG_INFORMATION_FORMAT = "dwarf-with-dsym";
				ENABLE_NS_ASSERTIONS = NO;
				ENABLE_STRICT_OBJC_MSGSEND = YES;
				GCC_C_LANGUAGE_STANDARD = gnu11;
				GCC_NO_COMMON_BLOCKS = YES;
				GCC_WARN_64_TO_32_BIT_CONVERSION = YES;
				GCC_WARN_ABOUT_RETURN_TYPE = YES_ERROR;
				GCC_WARN_UNDECLARED_SELECTOR = YES;
				GCC_WARN_UNINITIALIZED_AUTOS = YES_AGGRESSIVE;
				GCC_WARN_UNUSED_FUNCTION = YES;
				GCC_WARN_UNUSED_VARIABLE = YES;
				IPHONEOS_DEPLOYMENT_TARGET = 13.5;
				MTL_ENABLE_DEBUG_INFO = NO;
				MTL_FAST_MATH = YES;
				SDKROOT = iphoneos;
				SWIFT_COMPILATION_MODE = wholemodule;
				SWIFT_OPTIMIZATION_LEVEL = "-O";
				VALIDATE_PRODUCT = YES;
			};
			name = Release;
		};
		FE5E783224ABFC21007BDD50 /* Debug */ = {
			isa = XCBuildConfiguration;
			buildSettings = {
				ASSETCATALOG_COMPILER_APPICON_NAME = AppIcon;
				CODE_SIGN_STYLE = Automatic;
				DEVELOPMENT_TEAM = 99WQTJ75LR;
				INFOPLIST_FILE = XuChat/Info.plist;
				LD_RUNPATH_SEARCH_PATHS = (
					"$(inherited)",
					"@executable_path/Frameworks",
				);
				PRODUCT_BUNDLE_IDENTIFIER = xuchat.XuChat;
				PRODUCT_NAME = "$(TARGET_NAME)";
				SWIFT_VERSION = 5.0;
				TARGETED_DEVICE_FAMILY = "1,2";
			};
			name = Debug;
		};
		FE5E783324ABFC21007BDD50 /* Release */ = {
			isa = XCBuildConfiguration;
			buildSettings = {
				ASSETCATALOG_COMPILER_APPICON_NAME = AppIcon;
				CODE_SIGN_STYLE = Automatic;
				DEVELOPMENT_TEAM = 99WQTJ75LR;
				INFOPLIST_FILE = XuChat/Info.plist;
				LD_RUNPATH_SEARCH_PATHS = (
					"$(inherited)",
					"@executable_path/Frameworks",
				);
				PRODUCT_BUNDLE_IDENTIFIER = xuchat.XuChat;
				PRODUCT_NAME = "$(TARGET_NAME)";
				SWIFT_VERSION = 5.0;
				TARGETED_DEVICE_FAMILY = "1,2";
			};
			name = Release;
		};
		FE5E783524ABFC21007BDD50 /* Debug */ = {
			isa = XCBuildConfiguration;
			buildSettings = {
				ALWAYS_EMBED_SWIFT_STANDARD_LIBRARIES = YES;
				BUNDLE_LOADER = "$(TEST_HOST)";
				CODE_SIGN_STYLE = Automatic;
				DEVELOPMENT_TEAM = 99WQTJ75LR;
				INFOPLIST_FILE = XuChatTests/Info.plist;
				IPHONEOS_DEPLOYMENT_TARGET = 13.5;
				LD_RUNPATH_SEARCH_PATHS = (
					"$(inherited)",
					"@executable_path/Frameworks",
					"@loader_path/Frameworks",
				);
				PRODUCT_BUNDLE_IDENTIFIER = xuchat.XuChatTests;
				PRODUCT_NAME = "$(TARGET_NAME)";
				SWIFT_VERSION = 5.0;
				TARGETED_DEVICE_FAMILY = "1,2";
				TEST_HOST = "$(BUILT_PRODUCTS_DIR)/XuChat.app/XuChat";
			};
			name = Debug;
		};
		FE5E783624ABFC21007BDD50 /* Release */ = {
			isa = XCBuildConfiguration;
			buildSettings = {
				ALWAYS_EMBED_SWIFT_STANDARD_LIBRARIES = YES;
				BUNDLE_LOADER = "$(TEST_HOST)";
				CODE_SIGN_STYLE = Automatic;
				DEVELOPMENT_TEAM = 99WQTJ75LR;
				INFOPLIST_FILE = XuChatTests/Info.plist;
				IPHONEOS_DEPLOYMENT_TARGET = 13.5;
				LD_RUNPATH_SEARCH_PATHS = (
					"$(inherited)",
					"@executable_path/Frameworks",
					"@loader_path/Frameworks",
				);
				PRODUCT_BUNDLE_IDENTIFIER = xuchat.XuChatTests;
				PRODUCT_NAME = "$(TARGET_NAME)";
				SWIFT_VERSION = 5.0;
				TARGETED_DEVICE_FAMILY = "1,2";
				TEST_HOST = "$(BUILT_PRODUCTS_DIR)/XuChat.app/XuChat";
			};
			name = Release;
		};
		FE5E783824ABFC21007BDD50 /* Debug */ = {
			isa = XCBuildConfiguration;
			buildSettings = {
				ALWAYS_EMBED_SWIFT_STANDARD_LIBRARIES = YES;
				CODE_SIGN_STYLE = Automatic;
				DEVELOPMENT_TEAM = 99WQTJ75LR;
				INFOPLIST_FILE = XuChatUITests/Info.plist;
				LD_RUNPATH_SEARCH_PATHS = (
					"$(inherited)",
					"@executable_path/Frameworks",
					"@loader_path/Frameworks",
				);
				PRODUCT_BUNDLE_IDENTIFIER = xuchat.XuChatUITests;
				PRODUCT_NAME = "$(TARGET_NAME)";
				SWIFT_VERSION = 5.0;
				TARGETED_DEVICE_FAMILY = "1,2";
				TEST_TARGET_NAME = XuChat;
			};
			name = Debug;
		};
		FE5E783924ABFC21007BDD50 /* Release */ = {
			isa = XCBuildConfiguration;
			buildSettings = {
				ALWAYS_EMBED_SWIFT_STANDARD_LIBRARIES = YES;
				CODE_SIGN_STYLE = Automatic;
				DEVELOPMENT_TEAM = 99WQTJ75LR;
				INFOPLIST_FILE = XuChatUITests/Info.plist;
				LD_RUNPATH_SEARCH_PATHS = (
					"$(inherited)",
					"@executable_path/Frameworks",
					"@loader_path/Frameworks",
				);
				PRODUCT_BUNDLE_IDENTIFIER = xuchat.XuChatUITests;
				PRODUCT_NAME = "$(TARGET_NAME)";
				SWIFT_VERSION = 5.0;
				TARGETED_DEVICE_FAMILY = "1,2";
				TEST_TARGET_NAME = XuChat;
			};
			name = Release;
		};
/* End XCBuildConfiguration section */

/* Begin XCConfigurationList section */
		FE5E77FF24ABFC20007BDD50 /* Build configuration list for PBXProject "XuChat" */ = {
			isa = XCConfigurationList;
			buildConfigurations = (
				FE5E782F24ABFC21007BDD50 /* Debug */,
				FE5E783024ABFC21007BDD50 /* Release */,
			);
			defaultConfigurationIsVisible = 0;
			defaultConfigurationName = Release;
		};
		FE5E783124ABFC21007BDD50 /* Build configuration list for PBXNativeTarget "XuChat" */ = {
			isa = XCConfigurationList;
			buildConfigurations = (
				FE5E783224ABFC21007BDD50 /* Debug */,
				FE5E783324ABFC21007BDD50 /* Release */,
			);
			defaultConfigurationIsVisible = 0;
			defaultConfigurationName = Release;
		};
		FE5E783424ABFC21007BDD50 /* Build configuration list for PBXNativeTarget "XuChatTests" */ = {
			isa = XCConfigurationList;
			buildConfigurations = (
				FE5E783524ABFC21007BDD50 /* Debug */,
				FE5E783624ABFC21007BDD50 /* Release */,
			);
			defaultConfigurationIsVisible = 0;
			defaultConfigurationName = Release;
		};
		FE5E783724ABFC21007BDD50 /* Build configuration list for PBXNativeTarget "XuChatUITests" */ = {
			isa = XCConfigurationList;
			buildConfigurations = (
				FE5E783824ABFC21007BDD50 /* Debug */,
				FE5E783924ABFC21007BDD50 /* Release */,
			);
			defaultConfigurationIsVisible = 0;
			defaultConfigurationName = Release;
		};
/* End XCConfigurationList section */

/* Begin XCVersionGroup section */
		FE5E781024ABFC20007BDD50 /* XuChat.xcdatamodeld */ = {
			isa = XCVersionGroup;
			children = (
				FE5E781124ABFC20007BDD50 /* XuChat.xcdatamodel */,
			);
			currentVersion = FE5E781124ABFC20007BDD50 /* XuChat.xcdatamodel */;
			path = XuChat.xcdatamodeld;
			sourceTree = "<group>";
			versionGroupType = wrapper.xcdatamodel;
		};
/* End XCVersionGroup section */
	};
	rootObject = FE5E77FC24ABFC20007BDD50 /* Project object */;
}
